
Microsoft Visual Studio Solution File, Format Version 12.00
# Visual Studio 14
VisualStudioVersion = 14.0.23107.0
MinimumVisualStudioVersion = 10.0.40219.1
Project("{FAE04EC0-301F-11D3-BF4B-00C04F79EFBC}") = "GremDemo", "GremDemo\GremDemo.csproj", "{502F91F3-44D6-4EB5-B1D2-D486414CDC74}"
EndProject
Global
	GlobalSection(SolutionConfigurationPlatforms) = preSolution
		Debug|x86 = Debug|x86
		Release|x86 = Release|x86
	EndGlobalSection
	GlobalSection(ProjectConfigurationPlatforms) = postSolution
		{502F91F3-44D6-4EB5-B1D2-D486414CDC74}.Debug|x86.ActiveCfg = Debug|x86
		{502F91F3-44D6-4EB5-B1D2-D486414CDC74}.Debug|x86.Build.0 = Debug|x86
		{502F91F3-44D6-4EB5-B1D2-D486414CDC74}.Release|x86.ActiveCfg = Release|x86
		{502F91F3-44D6-4EB5-B1D2-D486414CDC74}.Release|x86.Build.0 = Release|x86
	EndGlobalSection
	GlobalSection(SolutionProperties) = preSolution
		HideSolutionNode = FALSE
	EndGlobalSection
EndGlobal
